{
  "originHash" : "ff0ff33dd15e266adc8c41901fd2ce1cdd4774c64a3c17fa8a7f6763113ec168",
  "pins" : [
    {
      "identity" : "cocoalumberjack",
      "kind" : "remoteSourceControl",
      "location" : "https://github.com/CocoaLumberjack/CocoaLumberjack.git",
      "state" : {
        "revision" : "4b8714a7fb84d42393314ce897127b3939885ec3",
        "version" : "3.8.5"
      }
    },
    {
      "identity" : "sharedspm",
      "kind" : "remoteSourceControl",
      "location" : "https://github.com/spvagelis/sharedSPM.git",
      "state" : {
        "revision" : "3eb8bcc18e08e7480e8407f677124a87a03b9e17",
        "version" : "1.0.2"
      }
    },
    {
      "identity" : "swift-log",
      "kind" : "remoteSourceControl",
      "location" : "https://github.com/apple/swift-log",
      "state" : {
        "revision" : "96a2f8a0fa41e9e09af4585e2724c4e825410b91",
        "version" : "1.6.2"
      }
    }
  ],
  "version" : 3
}
